
Microsoft Visual Studio Solution File, Format Version 12.00
# Visual Studio Version 17
VisualStudioVersion = 17.2.32630.192
MinimumVisualStudioVersion = 10.0.40219.1
Project("{FAE04EC0-301F-11D3-BF4B-00C04F79EFBC}") = "JWT_Test_1", "JWT_Test_1\JWT_Test_1.csproj", "{D851BC39-B443-4C4F-9971-F2BD49C64CAF}"
EndProject
Global
	GlobalSection(SolutionConfigurationPlatforms) = preSolution
		Debug|Any CPU = Debug|Any CPU
		Release|Any CPU = Release|Any CPU
	EndGlobalSection
	GlobalSection(ProjectConfigurationPlatforms) = postSolution
		{D851BC39-B443-4C4F-9971-F2BD49C64CAF}.Debug|Any CPU.ActiveCfg = Debug|Any CPU
		{D851BC39-B443-4C4F-9971-F2BD49C64CAF}.Debug|Any CPU.Build.0 = Debug|Any CPU
		{D851BC39-B443-4C4F-9971-F2BD49C64CAF}.Release|Any CPU.ActiveCfg = Release|Any CPU
		{D851BC39-B443-4C4F-9971-F2BD49C64CAF}.Release|Any CPU.Build.0 = Release|Any CPU
	EndGlobalSection
	GlobalSection(SolutionProperties) = preSolution
		HideSolutionNode = FALSE
	EndGlobalSection
	GlobalSection(ExtensibilityGlobals) = postSolution
		SolutionGuid = {73AA57C6-9D15-40E5-AF1F-DA9D15DCC41E}
	EndGlobalSection
EndGlobal
